
Microsoft Visual Studio Solution File, Format Version 12.00
# Visual Studio Version 17
VisualStudioVersion = 17.4.33122.133
MinimumVisualStudioVersion = 10.0.40219.1
Project("{FAE04EC0-301F-11D3-BF4B-00C04F79EFBC}") = "ConsoleApp2", "ConsoleApp2\ConsoleApp2.csproj", "{C8D9068A-E1D9-4FC6-8974-86031A3C5D9D}"
EndProject
Global
	GlobalSection(SolutionConfigurationPlatforms) = preSolution
		Debug|Any CPU = Debug|Any CPU
		Release|Any CPU = Release|Any CPU
	EndGlobalSection
	GlobalSection(ProjectConfigurationPlatforms) = postSolution
		{C8D9068A-E1D9-4FC6-8974-86031A3C5D9D}.Debug|Any CPU.ActiveCfg = Debug|Any CPU
		{C8D9068A-E1D9-4FC6-8974-86031A3C5D9D}.Debug|Any CPU.Build.0 = Debug|Any CPU
		{C8D9068A-E1D9-4FC6-8974-86031A3C5D9D}.Release|Any CPU.ActiveCfg = Release|Any CPU
		{C8D9068A-E1D9-4FC6-8974-86031A3C5D9D}.Release|Any CPU.Build.0 = Release|Any CPU
	EndGlobalSection
	GlobalSection(SolutionProperties) = preSolution
		HideSolutionNode = FALSE
	EndGlobalSection
	GlobalSection(ExtensibilityGlobals) = postSolution
		SolutionGuid = {FC33C1F7-4C11-4629-847E-FDC938D4E98D}
	EndGlobalSection
EndGlobal
